
Microsoft Visual Studio Solution File, Format Version 12.00
# Visual Studio Version 17
VisualStudioVersion = 17.1.32414.318
MinimumVisualStudioVersion = 10.0.40219.1
Project("{9A19103F-16F7-4668-BE54-9A1E7A4F7556}") = "6-GraphsCities", "6-GraphsCities.csproj", "{6ED73BC9-A535-4ADC-A865-D45F7AB36516}"
EndProject
Project("{9A19103F-16F7-4668-BE54-9A1E7A4F7556}") = "5-AVL-Tree", "..\5-AVL-Tree\5-AVL-Tree.csproj", "{FDEBAD1D-F104-4836-820B-BCCB73EAD9FB}"
EndProject
Global
	GlobalSection(SolutionConfigurationPlatforms) = preSolution
		Debug|Any CPU = Debug|Any CPU
		Release|Any CPU = Release|Any CPU
	EndGlobalSection
	GlobalSection(ProjectConfigurationPlatforms) = postSolution
		{6ED73BC9-A535-4ADC-A865-D45F7AB36516}.Debug|Any CPU.ActiveCfg = Debug|Any CPU
		{6ED73BC9-A535-4ADC-A865-D45F7AB36516}.Debug|Any CPU.Build.0 = Debug|Any CPU
		{6ED73BC9-A535-4ADC-A865-D45F7AB36516}.Release|Any CPU.ActiveCfg = Release|Any CPU
		{6ED73BC9-A535-4ADC-A865-D45F7AB36516}.Release|Any CPU.Build.0 = Release|Any CPU
		{FDEBAD1D-F104-4836-820B-BCCB73EAD9FB}.Debug|Any CPU.ActiveCfg = Debug|Any CPU
		{FDEBAD1D-F104-4836-820B-BCCB73EAD9FB}.Debug|Any CPU.Build.0 = Debug|Any CPU
		{FDEBAD1D-F104-4836-820B-BCCB73EAD9FB}.Release|Any CPU.ActiveCfg = Release|Any CPU
		{FDEBAD1D-F104-4836-820B-BCCB73EAD9FB}.Release|Any CPU.Build.0 = Release|Any CPU
	EndGlobalSection
	GlobalSection(SolutionProperties) = preSolution
		HideSolutionNode = FALSE
	EndGlobalSection
	GlobalSection(ExtensibilityGlobals) = postSolution
		SolutionGuid = {F0A7C9EC-6EA2-4F9E-AB92-DE33FD7CBED9}
	EndGlobalSection
EndGlobal
