
Microsoft Visual Studio Solution File, Format Version 12.00
# Visual Studio Version 17
VisualStudioVersion = 17.1.32414.318
MinimumVisualStudioVersion = 10.0.40219.1
Project("{FAE04EC0-301F-11D3-BF4B-00C04F79EFBC}") = "11-Threads", "11-Threads.csproj", "{4A3F60EF-BEC7-460E-9F70-5678F43C96E1}"
EndProject
Project("{FAE04EC0-301F-11D3-BF4B-00C04F79EFBC}") = "11-ThreadsTask2", "..\11-ThreadsTask2\11-ThreadsTask2.csproj", "{582CBD50-8F87-4711-8984-1DA0E36D8416}"
EndProject
Global
	GlobalSection(SolutionConfigurationPlatforms) = preSolution
		Debug|Any CPU = Debug|Any CPU
		Release|Any CPU = Release|Any CPU
	EndGlobalSection
	GlobalSection(ProjectConfigurationPlatforms) = postSolution
		{4A3F60EF-BEC7-460E-9F70-5678F43C96E1}.Debug|Any CPU.ActiveCfg = Debug|Any CPU
		{4A3F60EF-BEC7-460E-9F70-5678F43C96E1}.Debug|Any CPU.Build.0 = Debug|Any CPU
		{4A3F60EF-BEC7-460E-9F70-5678F43C96E1}.Release|Any CPU.ActiveCfg = Release|Any CPU
		{4A3F60EF-BEC7-460E-9F70-5678F43C96E1}.Release|Any CPU.Build.0 = Release|Any CPU
		{582CBD50-8F87-4711-8984-1DA0E36D8416}.Debug|Any CPU.ActiveCfg = Debug|Any CPU
		{582CBD50-8F87-4711-8984-1DA0E36D8416}.Debug|Any CPU.Build.0 = Debug|Any CPU
		{582CBD50-8F87-4711-8984-1DA0E36D8416}.Release|Any CPU.ActiveCfg = Release|Any CPU
		{582CBD50-8F87-4711-8984-1DA0E36D8416}.Release|Any CPU.Build.0 = Release|Any CPU
	EndGlobalSection
	GlobalSection(SolutionProperties) = preSolution
		HideSolutionNode = FALSE
	EndGlobalSection
	GlobalSection(ExtensibilityGlobals) = postSolution
		SolutionGuid = {BA4BF9CD-F347-4CA9-B97A-8CA60DE76C53}
	EndGlobalSection
EndGlobal
