
Microsoft Visual Studio Solution File, Format Version 12.00
# Visual Studio Version 17
VisualStudioVersion = 17.1.32414.318
MinimumVisualStudioVersion = 10.0.40219.1
Project("{9A19103F-16F7-4668-BE54-9A1E7A4F7556}") = "7-Trains", "7-Trains.csproj", "{8E1F9DAD-6BD0-4035-BD5D-EC9A8295E233}"
EndProject
Project("{9A19103F-16F7-4668-BE54-9A1E7A4F7556}") = "7-Notebook", "..\7-Notebook\7-Notebook.csproj", "{AAB5B0CD-5776-4E90-B6BB-D4B19AE6794B}"
EndProject
Project("{9A19103F-16F7-4668-BE54-9A1E7A4F7556}") = "6-ClassAndStructure", "..\6-ClassAndStructure\6-ClassAndStructure.csproj", "{AD28E461-A6A7-44A1-BDF1-9DBD229DB638}"
EndProject
Global
	GlobalSection(SolutionConfigurationPlatforms) = preSolution
		Debug|Any CPU = Debug|Any CPU
		Release|Any CPU = Release|Any CPU
	EndGlobalSection
	GlobalSection(ProjectConfigurationPlatforms) = postSolution
		{8E1F9DAD-6BD0-4035-BD5D-EC9A8295E233}.Debug|Any CPU.ActiveCfg = Debug|Any CPU
		{8E1F9DAD-6BD0-4035-BD5D-EC9A8295E233}.Debug|Any CPU.Build.0 = Debug|Any CPU
		{8E1F9DAD-6BD0-4035-BD5D-EC9A8295E233}.Release|Any CPU.ActiveCfg = Release|Any CPU
		{8E1F9DAD-6BD0-4035-BD5D-EC9A8295E233}.Release|Any CPU.Build.0 = Release|Any CPU
		{AAB5B0CD-5776-4E90-B6BB-D4B19AE6794B}.Debug|Any CPU.ActiveCfg = Debug|Any CPU
		{AAB5B0CD-5776-4E90-B6BB-D4B19AE6794B}.Debug|Any CPU.Build.0 = Debug|Any CPU
		{AAB5B0CD-5776-4E90-B6BB-D4B19AE6794B}.Release|Any CPU.ActiveCfg = Release|Any CPU
		{AAB5B0CD-5776-4E90-B6BB-D4B19AE6794B}.Release|Any CPU.Build.0 = Release|Any CPU
		{AD28E461-A6A7-44A1-BDF1-9DBD229DB638}.Debug|Any CPU.ActiveCfg = Debug|Any CPU
		{AD28E461-A6A7-44A1-BDF1-9DBD229DB638}.Debug|Any CPU.Build.0 = Debug|Any CPU
		{AD28E461-A6A7-44A1-BDF1-9DBD229DB638}.Release|Any CPU.ActiveCfg = Release|Any CPU
		{AD28E461-A6A7-44A1-BDF1-9DBD229DB638}.Release|Any CPU.Build.0 = Release|Any CPU
	EndGlobalSection
	GlobalSection(SolutionProperties) = preSolution
		HideSolutionNode = FALSE
	EndGlobalSection
	GlobalSection(ExtensibilityGlobals) = postSolution
		SolutionGuid = {463A1900-392B-4E89-AF8D-839BF8E4850E}
	EndGlobalSection
EndGlobal
