
Microsoft Visual Studio Solution File, Format Version 12.00
# Visual Studio Version 17
VisualStudioVersion = 17.1.32414.318
MinimumVisualStudioVersion = 10.0.40219.1
Project("{FAE04EC0-301F-11D3-BF4B-00C04F79EFBC}") = "4-LoginAndPassword", "4-LoginAndPassword.csproj", "{3EDF6397-4980-499C-9000-F849DA205A2A}"
EndProject
Project("{FAE04EC0-301F-11D3-BF4B-00C04F79EFBC}") = "4-FindInfo", "..\4-FindInfo\4-FindInfo.csproj", "{438AFBD7-26E0-4F3E-B760-1D7EEFED764B}"
EndProject
Project("{FAE04EC0-301F-11D3-BF4B-00C04F79EFBC}") = "4-BarkChange", "..\4-BarkChange\4-BarkChange.csproj", "{D0F59988-A4D4-45DC-ADDA-76DE939FDD87}"
EndProject
Global
	GlobalSection(SolutionConfigurationPlatforms) = preSolution
		Debug|Any CPU = Debug|Any CPU
		Release|Any CPU = Release|Any CPU
	EndGlobalSection
	GlobalSection(ProjectConfigurationPlatforms) = postSolution
		{3EDF6397-4980-499C-9000-F849DA205A2A}.Debug|Any CPU.ActiveCfg = Debug|Any CPU
		{3EDF6397-4980-499C-9000-F849DA205A2A}.Debug|Any CPU.Build.0 = Debug|Any CPU
		{3EDF6397-4980-499C-9000-F849DA205A2A}.Release|Any CPU.ActiveCfg = Release|Any CPU
		{3EDF6397-4980-499C-9000-F849DA205A2A}.Release|Any CPU.Build.0 = Release|Any CPU
		{438AFBD7-26E0-4F3E-B760-1D7EEFED764B}.Debug|Any CPU.ActiveCfg = Debug|Any CPU
		{438AFBD7-26E0-4F3E-B760-1D7EEFED764B}.Debug|Any CPU.Build.0 = Debug|Any CPU
		{438AFBD7-26E0-4F3E-B760-1D7EEFED764B}.Release|Any CPU.ActiveCfg = Release|Any CPU
		{438AFBD7-26E0-4F3E-B760-1D7EEFED764B}.Release|Any CPU.Build.0 = Release|Any CPU
		{D0F59988-A4D4-45DC-ADDA-76DE939FDD87}.Debug|Any CPU.ActiveCfg = Debug|Any CPU
		{D0F59988-A4D4-45DC-ADDA-76DE939FDD87}.Debug|Any CPU.Build.0 = Debug|Any CPU
		{D0F59988-A4D4-45DC-ADDA-76DE939FDD87}.Release|Any CPU.ActiveCfg = Release|Any CPU
		{D0F59988-A4D4-45DC-ADDA-76DE939FDD87}.Release|Any CPU.Build.0 = Release|Any CPU
	EndGlobalSection
	GlobalSection(SolutionProperties) = preSolution
		HideSolutionNode = FALSE
	EndGlobalSection
	GlobalSection(ExtensibilityGlobals) = postSolution
		SolutionGuid = {5B657BD0-568D-4333-A884-43FBFB1359BA}
	EndGlobalSection
EndGlobal
