
Microsoft Visual Studio Solution File, Format Version 12.00
# Visual Studio Version 17
VisualStudioVersion = 17.1.32414.318
MinimumVisualStudioVersion = 10.0.40219.1
Project("{FAE04EC0-301F-11D3-BF4B-00C04F79EFBC}") = "5-RandomArray", "5-RandomArray.csproj", "{2769571A-6309-4B23-90BE-53AECF5F2716}"
EndProject
Project("{FAE04EC0-301F-11D3-BF4B-00C04F79EFBC}") = "5-Dictionary", "..\5-Dictionary\5-Dictionary.csproj", "{3329E7E3-8C2E-483F-8197-350E8182EDC1}"
EndProject
Global
	GlobalSection(SolutionConfigurationPlatforms) = preSolution
		Debug|Any CPU = Debug|Any CPU
		Release|Any CPU = Release|Any CPU
	EndGlobalSection
	GlobalSection(ProjectConfigurationPlatforms) = postSolution
		{2769571A-6309-4B23-90BE-53AECF5F2716}.Debug|Any CPU.ActiveCfg = Debug|Any CPU
		{2769571A-6309-4B23-90BE-53AECF5F2716}.Debug|Any CPU.Build.0 = Debug|Any CPU
		{2769571A-6309-4B23-90BE-53AECF5F2716}.Release|Any CPU.ActiveCfg = Release|Any CPU
		{2769571A-6309-4B23-90BE-53AECF5F2716}.Release|Any CPU.Build.0 = Release|Any CPU
		{3329E7E3-8C2E-483F-8197-350E8182EDC1}.Debug|Any CPU.ActiveCfg = Debug|Any CPU
		{3329E7E3-8C2E-483F-8197-350E8182EDC1}.Debug|Any CPU.Build.0 = Debug|Any CPU
		{3329E7E3-8C2E-483F-8197-350E8182EDC1}.Release|Any CPU.ActiveCfg = Release|Any CPU
		{3329E7E3-8C2E-483F-8197-350E8182EDC1}.Release|Any CPU.Build.0 = Release|Any CPU
	EndGlobalSection
	GlobalSection(SolutionProperties) = preSolution
		HideSolutionNode = FALSE
	EndGlobalSection
	GlobalSection(ExtensibilityGlobals) = postSolution
		SolutionGuid = {714B51B9-3609-44E5-A2A9-C16F845EC9D6}
	EndGlobalSection
EndGlobal
