
Microsoft Visual Studio Solution File, Format Version 12.00
# Visual Studio Version 17
VisualStudioVersion = 17.1.32414.318
MinimumVisualStudioVersion = 10.0.40219.1
Project("{FAE04EC0-301F-11D3-BF4B-00C04F79EFBC}") = "4-Culture", "4-Culture.csproj", "{5CA8A02C-3F03-408A-8CC9-75A362F86772}"
EndProject
Project("{FAE04EC0-301F-11D3-BF4B-00C04F79EFBC}") = "5-PhoneBook", "..\5-PhoneBook\5-PhoneBook.csproj", "{D038E3FA-D121-4F09-9239-525DC6D1EDDF}"
EndProject
Global
	GlobalSection(SolutionConfigurationPlatforms) = preSolution
		Debug|Any CPU = Debug|Any CPU
		Release|Any CPU = Release|Any CPU
	EndGlobalSection
	GlobalSection(ProjectConfigurationPlatforms) = postSolution
		{5CA8A02C-3F03-408A-8CC9-75A362F86772}.Debug|Any CPU.ActiveCfg = Debug|Any CPU
		{5CA8A02C-3F03-408A-8CC9-75A362F86772}.Debug|Any CPU.Build.0 = Debug|Any CPU
		{5CA8A02C-3F03-408A-8CC9-75A362F86772}.Release|Any CPU.ActiveCfg = Release|Any CPU
		{5CA8A02C-3F03-408A-8CC9-75A362F86772}.Release|Any CPU.Build.0 = Release|Any CPU
		{D038E3FA-D121-4F09-9239-525DC6D1EDDF}.Debug|Any CPU.ActiveCfg = Debug|Any CPU
		{D038E3FA-D121-4F09-9239-525DC6D1EDDF}.Debug|Any CPU.Build.0 = Debug|Any CPU
		{D038E3FA-D121-4F09-9239-525DC6D1EDDF}.Release|Any CPU.ActiveCfg = Release|Any CPU
		{D038E3FA-D121-4F09-9239-525DC6D1EDDF}.Release|Any CPU.Build.0 = Release|Any CPU
	EndGlobalSection
	GlobalSection(SolutionProperties) = preSolution
		HideSolutionNode = FALSE
	EndGlobalSection
	GlobalSection(ExtensibilityGlobals) = postSolution
		SolutionGuid = {5A69390C-F1DF-44C9-8C34-890E5840418C}
	EndGlobalSection
EndGlobal
