
Microsoft Visual Studio Solution File, Format Version 12.00
# Visual Studio Version 17
VisualStudioVersion = 17.1.32414.318
MinimumVisualStudioVersion = 10.0.40219.1
Project("{9A19103F-16F7-4668-BE54-9A1E7A4F7556}") = "5-Dictionary", "5-Dictionary.csproj", "{5B209D51-9EF3-4282-AEC6-0F89E1D5ACC7}"
EndProject
Project("{9A19103F-16F7-4668-BE54-9A1E7A4F7556}") = "5-Neo", "..\5-Neo\5-Neo.csproj", "{7B9E8D8F-3E9B-4458-B61D-E657E4534A85}"
EndProject
Project("{FAE04EC0-301F-11D3-BF4B-00C04F79EFBC}") = "5-Shop", "..\5-Shop\5-Shop.csproj", "{F032393D-EBD2-48FD-A3C2-2E6E8AED13A1}"
EndProject
Global
	GlobalSection(SolutionConfigurationPlatforms) = preSolution
		Debug|Any CPU = Debug|Any CPU
		Release|Any CPU = Release|Any CPU
	EndGlobalSection
	GlobalSection(ProjectConfigurationPlatforms) = postSolution
		{5B209D51-9EF3-4282-AEC6-0F89E1D5ACC7}.Debug|Any CPU.ActiveCfg = Debug|Any CPU
		{5B209D51-9EF3-4282-AEC6-0F89E1D5ACC7}.Debug|Any CPU.Build.0 = Debug|Any CPU
		{5B209D51-9EF3-4282-AEC6-0F89E1D5ACC7}.Release|Any CPU.ActiveCfg = Release|Any CPU
		{5B209D51-9EF3-4282-AEC6-0F89E1D5ACC7}.Release|Any CPU.Build.0 = Release|Any CPU
		{7B9E8D8F-3E9B-4458-B61D-E657E4534A85}.Debug|Any CPU.ActiveCfg = Debug|Any CPU
		{7B9E8D8F-3E9B-4458-B61D-E657E4534A85}.Debug|Any CPU.Build.0 = Debug|Any CPU
		{7B9E8D8F-3E9B-4458-B61D-E657E4534A85}.Release|Any CPU.ActiveCfg = Release|Any CPU
		{7B9E8D8F-3E9B-4458-B61D-E657E4534A85}.Release|Any CPU.Build.0 = Release|Any CPU
		{F032393D-EBD2-48FD-A3C2-2E6E8AED13A1}.Debug|Any CPU.ActiveCfg = Debug|Any CPU
		{F032393D-EBD2-48FD-A3C2-2E6E8AED13A1}.Debug|Any CPU.Build.0 = Debug|Any CPU
		{F032393D-EBD2-48FD-A3C2-2E6E8AED13A1}.Release|Any CPU.ActiveCfg = Release|Any CPU
		{F032393D-EBD2-48FD-A3C2-2E6E8AED13A1}.Release|Any CPU.Build.0 = Release|Any CPU
	EndGlobalSection
	GlobalSection(SolutionProperties) = preSolution
		HideSolutionNode = FALSE
	EndGlobalSection
	GlobalSection(ExtensibilityGlobals) = postSolution
		SolutionGuid = {1560A2A7-172B-43A6-A548-6582FD2EB89B}
	EndGlobalSection
EndGlobal
