
Microsoft Visual Studio Solution File, Format Version 12.00
# Visual Studio Version 17
VisualStudioVersion = 17.1.32414.318
MinimumVisualStudioVersion = 10.0.40219.1
Project("{9A19103F-16F7-4668-BE54-9A1E7A4F7556}") = "7-Notebook", "7-Notebook.csproj", "{05206E3B-D9B8-411A-9288-473098D58EAC}"
EndProject
Project("{9A19103F-16F7-4668-BE54-9A1E7A4F7556}") = "7-Trains", "..\7-Trains\7-Trains.csproj", "{D500D917-B4EE-4C81-9C1C-C2B3429E87A9}"
EndProject
Project("{FAE04EC0-301F-11D3-BF4B-00C04F79EFBC}") = "6-ClassAndStructure", "..\6-ClassAndStructure\6-ClassAndStructure.csproj", "{130EDB29-C602-475B-A2FB-312C2DC9A9CB}"
EndProject
Global
	GlobalSection(SolutionConfigurationPlatforms) = preSolution
		Debug|Any CPU = Debug|Any CPU
		Release|Any CPU = Release|Any CPU
	EndGlobalSection
	GlobalSection(ProjectConfigurationPlatforms) = postSolution
		{05206E3B-D9B8-411A-9288-473098D58EAC}.Debug|Any CPU.ActiveCfg = Debug|Any CPU
		{05206E3B-D9B8-411A-9288-473098D58EAC}.Debug|Any CPU.Build.0 = Debug|Any CPU
		{05206E3B-D9B8-411A-9288-473098D58EAC}.Release|Any CPU.ActiveCfg = Release|Any CPU
		{05206E3B-D9B8-411A-9288-473098D58EAC}.Release|Any CPU.Build.0 = Release|Any CPU
		{D500D917-B4EE-4C81-9C1C-C2B3429E87A9}.Debug|Any CPU.ActiveCfg = Debug|Any CPU
		{D500D917-B4EE-4C81-9C1C-C2B3429E87A9}.Debug|Any CPU.Build.0 = Debug|Any CPU
		{D500D917-B4EE-4C81-9C1C-C2B3429E87A9}.Release|Any CPU.ActiveCfg = Release|Any CPU
		{D500D917-B4EE-4C81-9C1C-C2B3429E87A9}.Release|Any CPU.Build.0 = Release|Any CPU
		{130EDB29-C602-475B-A2FB-312C2DC9A9CB}.Debug|Any CPU.ActiveCfg = Debug|Any CPU
		{130EDB29-C602-475B-A2FB-312C2DC9A9CB}.Debug|Any CPU.Build.0 = Debug|Any CPU
		{130EDB29-C602-475B-A2FB-312C2DC9A9CB}.Release|Any CPU.ActiveCfg = Release|Any CPU
		{130EDB29-C602-475B-A2FB-312C2DC9A9CB}.Release|Any CPU.Build.0 = Release|Any CPU
	EndGlobalSection
	GlobalSection(SolutionProperties) = preSolution
		HideSolutionNode = FALSE
	EndGlobalSection
	GlobalSection(ExtensibilityGlobals) = postSolution
		SolutionGuid = {E76D95C2-55EE-4D03-9B72-E4D901327471}
	EndGlobalSection
EndGlobal
