
Microsoft Visual Studio Solution File, Format Version 12.00
# Visual Studio Version 17
VisualStudioVersion = 17.1.32414.318
MinimumVisualStudioVersion = 10.0.40219.1
Project("{9A19103F-16F7-4668-BE54-9A1E7A4F7556}") = "14-EventsEvents", "..\14-EventsEvents\14-EventsEvents.csproj", "{997FE9A2-D950-4A0C-BFEF-A7C398D670E2}"
EndProject
Global
	GlobalSection(SolutionConfigurationPlatforms) = preSolution
		Debug|Any CPU = Debug|Any CPU
		Release|Any CPU = Release|Any CPU
	EndGlobalSection
	GlobalSection(ProjectConfigurationPlatforms) = postSolution
		{997FE9A2-D950-4A0C-BFEF-A7C398D670E2}.Debug|Any CPU.ActiveCfg = Debug|Any CPU
		{997FE9A2-D950-4A0C-BFEF-A7C398D670E2}.Debug|Any CPU.Build.0 = Debug|Any CPU
		{997FE9A2-D950-4A0C-BFEF-A7C398D670E2}.Release|Any CPU.ActiveCfg = Release|Any CPU
		{997FE9A2-D950-4A0C-BFEF-A7C398D670E2}.Release|Any CPU.Build.0 = Release|Any CPU
	EndGlobalSection
	GlobalSection(SolutionProperties) = preSolution
		HideSolutionNode = FALSE
	EndGlobalSection
	GlobalSection(ExtensibilityGlobals) = postSolution
		SolutionGuid = {2298CADD-49ED-45DB-B773-E6083C6B9C0F}
	EndGlobalSection
EndGlobal
