
Microsoft Visual Studio Solution File, Format Version 12.00
# Visual Studio Version 17
VisualStudioVersion = 17.1.32414.318
MinimumVisualStudioVersion = 10.0.40219.1
Project("{9A19103F-16F7-4668-BE54-9A1E7A4F7556}") = "7-Attributes", "7-Attributes.csproj", "{BAF88CA4-20BE-4D25-B759-703ABE33E604}"
EndProject
Project("{9A19103F-16F7-4668-BE54-9A1E7A4F7556}") = "6-AssemblyInfo", "..\6-AssemblyInfo\6-AssemblyInfo.csproj", "{C066CE3E-A21E-491D-B237-D33B424CDAB5}"
EndProject
Global
	GlobalSection(SolutionConfigurationPlatforms) = preSolution
		Debug|Any CPU = Debug|Any CPU
		Release|Any CPU = Release|Any CPU
	EndGlobalSection
	GlobalSection(ProjectConfigurationPlatforms) = postSolution
		{BAF88CA4-20BE-4D25-B759-703ABE33E604}.Debug|Any CPU.ActiveCfg = Debug|Any CPU
		{BAF88CA4-20BE-4D25-B759-703ABE33E604}.Debug|Any CPU.Build.0 = Debug|Any CPU
		{BAF88CA4-20BE-4D25-B759-703ABE33E604}.Release|Any CPU.ActiveCfg = Release|Any CPU
		{BAF88CA4-20BE-4D25-B759-703ABE33E604}.Release|Any CPU.Build.0 = Release|Any CPU
		{C066CE3E-A21E-491D-B237-D33B424CDAB5}.Debug|Any CPU.ActiveCfg = Debug|Any CPU
		{C066CE3E-A21E-491D-B237-D33B424CDAB5}.Debug|Any CPU.Build.0 = Debug|Any CPU
		{C066CE3E-A21E-491D-B237-D33B424CDAB5}.Release|Any CPU.ActiveCfg = Release|Any CPU
		{C066CE3E-A21E-491D-B237-D33B424CDAB5}.Release|Any CPU.Build.0 = Release|Any CPU
	EndGlobalSection
	GlobalSection(SolutionProperties) = preSolution
		HideSolutionNode = FALSE
	EndGlobalSection
	GlobalSection(ExtensibilityGlobals) = postSolution
		SolutionGuid = {97911E6F-C17B-4BC7-A706-47EB8F0F5160}
	EndGlobalSection
EndGlobal
