
Microsoft Visual Studio Solution File, Format Version 12.00
# Visual Studio Version 17
VisualStudioVersion = 17.1.32414.318
MinimumVisualStudioVersion = 10.0.40219.1
Project("{FAE04EC0-301F-11D3-BF4B-00C04F79EFBC}") = "10-Cars", "..\10-Cars\10-Cars.csproj", "{B4BB04D2-B104-4CFE-B9D2-6070892E5AE5}"
EndProject
Global
	GlobalSection(SolutionConfigurationPlatforms) = preSolution
		Debug|Any CPU = Debug|Any CPU
		Release|Any CPU = Release|Any CPU
	EndGlobalSection
	GlobalSection(ProjectConfigurationPlatforms) = postSolution
		{B4BB04D2-B104-4CFE-B9D2-6070892E5AE5}.Debug|Any CPU.ActiveCfg = Debug|Any CPU
		{B4BB04D2-B104-4CFE-B9D2-6070892E5AE5}.Debug|Any CPU.Build.0 = Debug|Any CPU
		{B4BB04D2-B104-4CFE-B9D2-6070892E5AE5}.Release|Any CPU.ActiveCfg = Release|Any CPU
		{B4BB04D2-B104-4CFE-B9D2-6070892E5AE5}.Release|Any CPU.Build.0 = Release|Any CPU
	EndGlobalSection
	GlobalSection(SolutionProperties) = preSolution
		HideSolutionNode = FALSE
	EndGlobalSection
	GlobalSection(ExtensibilityGlobals) = postSolution
		SolutionGuid = {D01B4B19-FDBA-4D7A-A746-CAA485C501AD}
	EndGlobalSection
EndGlobal
