
Microsoft Visual Studio Solution File, Format Version 12.00
# Visual Studio Version 17
VisualStudioVersion = 17.1.32414.318
MinimumVisualStudioVersion = 10.0.40219.1
Project("{9A19103F-16F7-4668-BE54-9A1E7A4F7556}") = "5-AVL-Tree", "5-AVL-Tree.csproj", "{B9DE68CF-EF81-45AA-BF5F-DE4FE2907985}"
EndProject
Global
	GlobalSection(SolutionConfigurationPlatforms) = preSolution
		Debug|Any CPU = Debug|Any CPU
		Release|Any CPU = Release|Any CPU
	EndGlobalSection
	GlobalSection(ProjectConfigurationPlatforms) = postSolution
		{B9DE68CF-EF81-45AA-BF5F-DE4FE2907985}.Debug|Any CPU.ActiveCfg = Debug|Any CPU
		{B9DE68CF-EF81-45AA-BF5F-DE4FE2907985}.Debug|Any CPU.Build.0 = Debug|Any CPU
		{B9DE68CF-EF81-45AA-BF5F-DE4FE2907985}.Release|Any CPU.ActiveCfg = Release|Any CPU
		{B9DE68CF-EF81-45AA-BF5F-DE4FE2907985}.Release|Any CPU.Build.0 = Release|Any CPU
	EndGlobalSection
	GlobalSection(SolutionProperties) = preSolution
		HideSolutionNode = FALSE
	EndGlobalSection
	GlobalSection(ExtensibilityGlobals) = postSolution
		SolutionGuid = {FAC94A09-0377-4B62-B3A3-3184C4F1710C}
	EndGlobalSection
EndGlobal
