
Microsoft Visual Studio Solution File, Format Version 12.00
# Visual Studio Version 17
VisualStudioVersion = 17.1.32414.318
MinimumVisualStudioVersion = 10.0.40219.1
Project("{9A19103F-16F7-4668-BE54-9A1E7A4F7556}") = "5-Dictionary", "..\5-Dictionary\5-Dictionary.csproj", "{CF4816DD-92B3-4DA1-9A38-5190E8F28491}"
EndProject
Project("{9A19103F-16F7-4668-BE54-9A1E7A4F7556}") = "5-Neo", "..\5-Neo\5-Neo.csproj", "{DDC0097B-57A0-44DB-ADF6-27CFC1B1A7B9}"
EndProject
Project("{9A19103F-16F7-4668-BE54-9A1E7A4F7556}") = "5-Shop", "..\5-Shop\5-Shop.csproj", "{92AEB626-BC92-4B62-9C6E-53B568ED949F}"
EndProject
Global
	GlobalSection(SolutionConfigurationPlatforms) = preSolution
		Debug|Any CPU = Debug|Any CPU
		Release|Any CPU = Release|Any CPU
	EndGlobalSection
	GlobalSection(ProjectConfigurationPlatforms) = postSolution
		{CF4816DD-92B3-4DA1-9A38-5190E8F28491}.Debug|Any CPU.ActiveCfg = Debug|Any CPU
		{CF4816DD-92B3-4DA1-9A38-5190E8F28491}.Debug|Any CPU.Build.0 = Debug|Any CPU
		{CF4816DD-92B3-4DA1-9A38-5190E8F28491}.Release|Any CPU.ActiveCfg = Release|Any CPU
		{CF4816DD-92B3-4DA1-9A38-5190E8F28491}.Release|Any CPU.Build.0 = Release|Any CPU
		{DDC0097B-57A0-44DB-ADF6-27CFC1B1A7B9}.Debug|Any CPU.ActiveCfg = Debug|Any CPU
		{DDC0097B-57A0-44DB-ADF6-27CFC1B1A7B9}.Debug|Any CPU.Build.0 = Debug|Any CPU
		{DDC0097B-57A0-44DB-ADF6-27CFC1B1A7B9}.Release|Any CPU.ActiveCfg = Release|Any CPU
		{DDC0097B-57A0-44DB-ADF6-27CFC1B1A7B9}.Release|Any CPU.Build.0 = Release|Any CPU
		{92AEB626-BC92-4B62-9C6E-53B568ED949F}.Debug|Any CPU.ActiveCfg = Debug|Any CPU
		{92AEB626-BC92-4B62-9C6E-53B568ED949F}.Debug|Any CPU.Build.0 = Debug|Any CPU
		{92AEB626-BC92-4B62-9C6E-53B568ED949F}.Release|Any CPU.ActiveCfg = Release|Any CPU
		{92AEB626-BC92-4B62-9C6E-53B568ED949F}.Release|Any CPU.Build.0 = Release|Any CPU
	EndGlobalSection
	GlobalSection(SolutionProperties) = preSolution
		HideSolutionNode = FALSE
	EndGlobalSection
	GlobalSection(ExtensibilityGlobals) = postSolution
		SolutionGuid = {E955252C-EA0E-4314-9E41-9B56CD3D63CE}
	EndGlobalSection
EndGlobal
