
Microsoft Visual Studio Solution File, Format Version 12.00
# Visual Studio Version 17
VisualStudioVersion = 17.1.32414.318
MinimumVisualStudioVersion = 10.0.40219.1
Project("{FAE04EC0-301F-11D3-BF4B-00C04F79EFBC}") = "5-Colour", "5-Colour.csproj", "{3784B08F-2D65-49D8-862C-FAD31281833F}"
EndProject
Global
	GlobalSection(SolutionConfigurationPlatforms) = preSolution
		Debug|Any CPU = Debug|Any CPU
		Release|Any CPU = Release|Any CPU
	EndGlobalSection
	GlobalSection(ProjectConfigurationPlatforms) = postSolution
		{3784B08F-2D65-49D8-862C-FAD31281833F}.Debug|Any CPU.ActiveCfg = Debug|Any CPU
		{3784B08F-2D65-49D8-862C-FAD31281833F}.Debug|Any CPU.Build.0 = Debug|Any CPU
		{3784B08F-2D65-49D8-862C-FAD31281833F}.Release|Any CPU.ActiveCfg = Release|Any CPU
		{3784B08F-2D65-49D8-862C-FAD31281833F}.Release|Any CPU.Build.0 = Release|Any CPU
	EndGlobalSection
	GlobalSection(SolutionProperties) = preSolution
		HideSolutionNode = FALSE
	EndGlobalSection
	GlobalSection(ExtensibilityGlobals) = postSolution
		SolutionGuid = {D2FDC9C4-894E-4987-93FB-8DCA85DD0140}
	EndGlobalSection
EndGlobal
