
Microsoft Visual Studio Solution File, Format Version 12.00
# Visual Studio Version 17
VisualStudioVersion = 17.1.32414.318
MinimumVisualStudioVersion = 10.0.40219.1
Project("{FAE04EC0-301F-11D3-BF4B-00C04F79EFBC}") = "3-ShellSort", "3-ShellSort.csproj", "{14513E47-9CBA-4D71-BF03-DB7249D85B49}"
EndProject
Project("{9A19103F-16F7-4668-BE54-9A1E7A4F7556}") = "2-PriotirizedQueue", "..\2-PriotirizedQueue\2-PriotirizedQueue.csproj", "{F848A6EE-B726-454E-8745-D1954F496079}"
EndProject
Global
	GlobalSection(SolutionConfigurationPlatforms) = preSolution
		Debug|Any CPU = Debug|Any CPU
		Release|Any CPU = Release|Any CPU
	EndGlobalSection
	GlobalSection(ProjectConfigurationPlatforms) = postSolution
		{14513E47-9CBA-4D71-BF03-DB7249D85B49}.Debug|Any CPU.ActiveCfg = Debug|Any CPU
		{14513E47-9CBA-4D71-BF03-DB7249D85B49}.Debug|Any CPU.Build.0 = Debug|Any CPU
		{14513E47-9CBA-4D71-BF03-DB7249D85B49}.Release|Any CPU.ActiveCfg = Release|Any CPU
		{14513E47-9CBA-4D71-BF03-DB7249D85B49}.Release|Any CPU.Build.0 = Release|Any CPU
		{F848A6EE-B726-454E-8745-D1954F496079}.Debug|Any CPU.ActiveCfg = Debug|Any CPU
		{F848A6EE-B726-454E-8745-D1954F496079}.Debug|Any CPU.Build.0 = Debug|Any CPU
		{F848A6EE-B726-454E-8745-D1954F496079}.Release|Any CPU.ActiveCfg = Release|Any CPU
		{F848A6EE-B726-454E-8745-D1954F496079}.Release|Any CPU.Build.0 = Release|Any CPU
	EndGlobalSection
	GlobalSection(SolutionProperties) = preSolution
		HideSolutionNode = FALSE
	EndGlobalSection
	GlobalSection(ExtensibilityGlobals) = postSolution
		SolutionGuid = {3D9DE788-70A9-40C3-8C6E-8028A5228801}
	EndGlobalSection
EndGlobal
