
Microsoft Visual Studio Solution File, Format Version 12.00
# Visual Studio Version 17
VisualStudioVersion = 17.1.32414.318
MinimumVisualStudioVersion = 10.0.40219.1
Project("{FAE04EC0-301F-11D3-BF4B-00C04F79EFBC}") = "9-GarbageCollector", "9-GarbageCollector.csproj", "{4E91D338-CF22-4A27-884E-5FF306D55AD4}"
EndProject
Global
	GlobalSection(SolutionConfigurationPlatforms) = preSolution
		Debug|Any CPU = Debug|Any CPU
		Release|Any CPU = Release|Any CPU
	EndGlobalSection
	GlobalSection(ProjectConfigurationPlatforms) = postSolution
		{4E91D338-CF22-4A27-884E-5FF306D55AD4}.Debug|Any CPU.ActiveCfg = Debug|Any CPU
		{4E91D338-CF22-4A27-884E-5FF306D55AD4}.Debug|Any CPU.Build.0 = Debug|Any CPU
		{4E91D338-CF22-4A27-884E-5FF306D55AD4}.Release|Any CPU.ActiveCfg = Release|Any CPU
		{4E91D338-CF22-4A27-884E-5FF306D55AD4}.Release|Any CPU.Build.0 = Release|Any CPU
	EndGlobalSection
	GlobalSection(SolutionProperties) = preSolution
		HideSolutionNode = FALSE
	EndGlobalSection
	GlobalSection(ExtensibilityGlobals) = postSolution
		SolutionGuid = {8D911894-DA37-4B71-AC98-1F26B30771F4}
	EndGlobalSection
EndGlobal
