
Microsoft Visual Studio Solution File, Format Version 12.00
# Visual Studio Version 17
VisualStudioVersion = 17.1.32414.318
MinimumVisualStudioVersion = 10.0.40219.1
Project("{9A19103F-16F7-4668-BE54-9A1E7A4F7556}") = "3-Transport", "3-Transport.csproj", "{1BAAD236-1D65-40DA-8A42-30C43B2FB6AF}"
EndProject
Project("{FAE04EC0-301F-11D3-BF4B-00C04F79EFBC}") = "3-Document", "..\3-Document\3-Document.csproj", "{33D953D2-4445-440E-9B96-73A0F3787B34}"
EndProject
Project("{9A19103F-16F7-4668-BE54-9A1E7A4F7556}") = "3-Classroom", "..\3-Classroom\3-Classroom.csproj", "{41A8ED92-6EA7-4FA3-B791-89132F9BE586}"
EndProject
Project("{9A19103F-16F7-4668-BE54-9A1E7A4F7556}") = "2-Salary", "..\2-Salary\2-Salary.csproj", "{AC4C1ABA-AA54-4CDD-9F4B-212221D00B2B}"
EndProject
Global
	GlobalSection(SolutionConfigurationPlatforms) = preSolution
		Debug|Any CPU = Debug|Any CPU
		Release|Any CPU = Release|Any CPU
	EndGlobalSection
	GlobalSection(ProjectConfigurationPlatforms) = postSolution
		{1BAAD236-1D65-40DA-8A42-30C43B2FB6AF}.Debug|Any CPU.ActiveCfg = Debug|Any CPU
		{1BAAD236-1D65-40DA-8A42-30C43B2FB6AF}.Debug|Any CPU.Build.0 = Debug|Any CPU
		{1BAAD236-1D65-40DA-8A42-30C43B2FB6AF}.Release|Any CPU.ActiveCfg = Release|Any CPU
		{1BAAD236-1D65-40DA-8A42-30C43B2FB6AF}.Release|Any CPU.Build.0 = Release|Any CPU
		{33D953D2-4445-440E-9B96-73A0F3787B34}.Debug|Any CPU.ActiveCfg = Debug|Any CPU
		{33D953D2-4445-440E-9B96-73A0F3787B34}.Debug|Any CPU.Build.0 = Debug|Any CPU
		{33D953D2-4445-440E-9B96-73A0F3787B34}.Release|Any CPU.ActiveCfg = Release|Any CPU
		{33D953D2-4445-440E-9B96-73A0F3787B34}.Release|Any CPU.Build.0 = Release|Any CPU
		{41A8ED92-6EA7-4FA3-B791-89132F9BE586}.Debug|Any CPU.ActiveCfg = Debug|Any CPU
		{41A8ED92-6EA7-4FA3-B791-89132F9BE586}.Debug|Any CPU.Build.0 = Debug|Any CPU
		{41A8ED92-6EA7-4FA3-B791-89132F9BE586}.Release|Any CPU.ActiveCfg = Release|Any CPU
		{41A8ED92-6EA7-4FA3-B791-89132F9BE586}.Release|Any CPU.Build.0 = Release|Any CPU
		{AC4C1ABA-AA54-4CDD-9F4B-212221D00B2B}.Debug|Any CPU.ActiveCfg = Debug|Any CPU
		{AC4C1ABA-AA54-4CDD-9F4B-212221D00B2B}.Debug|Any CPU.Build.0 = Debug|Any CPU
		{AC4C1ABA-AA54-4CDD-9F4B-212221D00B2B}.Release|Any CPU.ActiveCfg = Release|Any CPU
		{AC4C1ABA-AA54-4CDD-9F4B-212221D00B2B}.Release|Any CPU.Build.0 = Release|Any CPU
	EndGlobalSection
	GlobalSection(SolutionProperties) = preSolution
		HideSolutionNode = FALSE
	EndGlobalSection
	GlobalSection(ExtensibilityGlobals) = postSolution
		SolutionGuid = {8E6DA850-B7D5-4BDD-A1ED-D39CDFD7A4B9}
	EndGlobalSection
EndGlobal
