
Microsoft Visual Studio Solution File, Format Version 12.00
# Visual Studio Version 17
VisualStudioVersion = 17.1.32414.318
MinimumVisualStudioVersion = 10.0.40219.1
Project("{9A19103F-16F7-4668-BE54-9A1E7A4F7556}") = "18-Namespaces", "18-Namespaces.csproj", "{107993AD-B1C7-4060-93B1-40B468E7A370}"
EndProject
Project("{9A19103F-16F7-4668-BE54-9A1E7A4F7556}") = "MyNamespace", "..\MyNamespace\MyNamespace.csproj", "{BD8194BE-7082-4054-9703-5E55AFD22294}"
EndProject
Project("{9A19103F-16F7-4668-BE54-9A1E7A4F7556}") = "14-CollectionDictionary", "..\14-CollectionDictionary\14-CollectionDictionary.csproj", "{5EA4A1F2-6919-4C6C-9866-4770B68E81DF}"
EndProject
Global
	GlobalSection(SolutionConfigurationPlatforms) = preSolution
		Debug|Any CPU = Debug|Any CPU
		Release|Any CPU = Release|Any CPU
	EndGlobalSection
	GlobalSection(ProjectConfigurationPlatforms) = postSolution
		{107993AD-B1C7-4060-93B1-40B468E7A370}.Debug|Any CPU.ActiveCfg = Debug|Any CPU
		{107993AD-B1C7-4060-93B1-40B468E7A370}.Debug|Any CPU.Build.0 = Debug|Any CPU
		{107993AD-B1C7-4060-93B1-40B468E7A370}.Release|Any CPU.ActiveCfg = Release|Any CPU
		{107993AD-B1C7-4060-93B1-40B468E7A370}.Release|Any CPU.Build.0 = Release|Any CPU
		{BD8194BE-7082-4054-9703-5E55AFD22294}.Debug|Any CPU.ActiveCfg = Debug|Any CPU
		{BD8194BE-7082-4054-9703-5E55AFD22294}.Debug|Any CPU.Build.0 = Debug|Any CPU
		{BD8194BE-7082-4054-9703-5E55AFD22294}.Release|Any CPU.ActiveCfg = Release|Any CPU
		{BD8194BE-7082-4054-9703-5E55AFD22294}.Release|Any CPU.Build.0 = Release|Any CPU
		{5EA4A1F2-6919-4C6C-9866-4770B68E81DF}.Debug|Any CPU.ActiveCfg = Debug|Any CPU
		{5EA4A1F2-6919-4C6C-9866-4770B68E81DF}.Debug|Any CPU.Build.0 = Debug|Any CPU
		{5EA4A1F2-6919-4C6C-9866-4770B68E81DF}.Release|Any CPU.ActiveCfg = Release|Any CPU
		{5EA4A1F2-6919-4C6C-9866-4770B68E81DF}.Release|Any CPU.Build.0 = Release|Any CPU
	EndGlobalSection
	GlobalSection(SolutionProperties) = preSolution
		HideSolutionNode = FALSE
	EndGlobalSection
	GlobalSection(ExtensibilityGlobals) = postSolution
		SolutionGuid = {B9FB41EA-D3B1-424B-9558-8A1F20F7AECB}
	EndGlobalSection
EndGlobal
